
Microsoft Visual Studio Solution File, Format Version 12.00
Project("{F2A71F9B-5D33-465A-A702-920D77279786}") = "Day01", "Day01\Day01.fsproj", "{52C5A44D-FEC5-46C7-A26F-6575BBDC4FAE}"
EndProject
Project("{F2A71F9B-5D33-465A-A702-920D77279786}") = "Day02", "Day02\Day02.fsproj", "{E08EF5E2-BBF7-4DE9-884B-D388C91B938F}"
EndProject
Project("{F2A71F9B-5D33-465A-A702-920D77279786}") = "Day03", "Day03\Day03.fsproj", "{EB7A8094-F40A-4F7C-9E15-EF688678F0FC}"
EndProject
Project("{F2A71F9B-5D33-465A-A702-920D77279786}") = "Day04", "Day04\Day04.fsproj", "{63672E53-8842-4E1D-A867-CD07F82A89A7}"
EndProject
Project("{F2A71F9B-5D33-465A-A702-920D77279786}") = "Day05", "Day05\Day05.fsproj", "{5CADBC49-1681-46F1-99BD-9864A620E779}"
EndProject
Project("{F2A71F9B-5D33-465A-A702-920D77279786}") = "Day06", "Day06\Day06.fsproj", "{D7470E6D-731A-476C-98B0-AC7322DB5AA2}"
EndProject
Project("{F2A71F9B-5D33-465A-A702-920D77279786}") = "Day07", "Day07\Day07.fsproj", "{1D3A51B4-D62B-44FB-AFAB-0327E1CA6380}"
EndProject
Project("{F2A71F9B-5D33-465A-A702-920D77279786}") = "Day08", "Day08\Day08.fsproj", "{DCC72A4D-E864-4C88-B7B3-99F0DAE54D9C}"
EndProject
Project("{F2A71F9B-5D33-465A-A702-920D77279786}") = "Day09", "Day09\Day09.fsproj", "{8912E868-AABF-445B-973D-76D138889957}"
EndProject
Project("{F2A71F9B-5D33-465A-A702-920D77279786}") = "Day10", "Day10\Day10.fsproj", "{6200EED9-0F8C-42A7-A71F-E675D0547788}"
EndProject
Project("{F2A71F9B-5D33-465A-A702-920D77279786}") = "Day11", "Day11\Day11.fsproj", "{26EBA124-5B3C-490D-A35A-0DF958E5F714}"
EndProject
Project("{F2A71F9B-5D33-465A-A702-920D77279786}") = "Day12", "Day12\Day12.fsproj", "{D248AD6C-8C05-4E7F-9A45-0DB2B58E5403}"
EndProject
Project("{F2A71F9B-5D33-465A-A702-920D77279786}") = "Day13", "Day13\Day13.fsproj", "{3A1A0FBF-71B6-407F-80B9-3D7CFA118E56}"
EndProject
Project("{F2A71F9B-5D33-465A-A702-920D77279786}") = "Day14", "Day14\Day14.fsproj", "{54D34636-8ED3-4F4D-B484-2BBF2B975025}"
EndProject
Project("{F2A71F9B-5D33-465A-A702-920D77279786}") = "Day15", "Day15\Day15.fsproj", "{50E9434B-0D4E-4934-812F-0169842CCD86}"
EndProject
Global
	GlobalSection(SolutionConfigurationPlatforms) = preSolution
		Debug|Any CPU = Debug|Any CPU
		Release|Any CPU = Release|Any CPU
	EndGlobalSection
	GlobalSection(ProjectConfigurationPlatforms) = postSolution
		{52C5A44D-FEC5-46C7-A26F-6575BBDC4FAE}.Debug|Any CPU.ActiveCfg = Debug|Any CPU
		{52C5A44D-FEC5-46C7-A26F-6575BBDC4FAE}.Debug|Any CPU.Build.0 = Debug|Any CPU
		{52C5A44D-FEC5-46C7-A26F-6575BBDC4FAE}.Release|Any CPU.ActiveCfg = Release|Any CPU
		{52C5A44D-FEC5-46C7-A26F-6575BBDC4FAE}.Release|Any CPU.Build.0 = Release|Any CPU
		{E08EF5E2-BBF7-4DE9-884B-D388C91B938F}.Debug|Any CPU.ActiveCfg = Debug|Any CPU
		{E08EF5E2-BBF7-4DE9-884B-D388C91B938F}.Debug|Any CPU.Build.0 = Debug|Any CPU
		{E08EF5E2-BBF7-4DE9-884B-D388C91B938F}.Release|Any CPU.ActiveCfg = Release|Any CPU
		{E08EF5E2-BBF7-4DE9-884B-D388C91B938F}.Release|Any CPU.Build.0 = Release|Any CPU
		{EB7A8094-F40A-4F7C-9E15-EF688678F0FC}.Debug|Any CPU.ActiveCfg = Debug|Any CPU
		{EB7A8094-F40A-4F7C-9E15-EF688678F0FC}.Debug|Any CPU.Build.0 = Debug|Any CPU
		{EB7A8094-F40A-4F7C-9E15-EF688678F0FC}.Release|Any CPU.ActiveCfg = Release|Any CPU
		{EB7A8094-F40A-4F7C-9E15-EF688678F0FC}.Release|Any CPU.Build.0 = Release|Any CPU
		{63672E53-8842-4E1D-A867-CD07F82A89A7}.Debug|Any CPU.ActiveCfg = Debug|Any CPU
		{63672E53-8842-4E1D-A867-CD07F82A89A7}.Debug|Any CPU.Build.0 = Debug|Any CPU
		{63672E53-8842-4E1D-A867-CD07F82A89A7}.Release|Any CPU.ActiveCfg = Release|Any CPU
		{63672E53-8842-4E1D-A867-CD07F82A89A7}.Release|Any CPU.Build.0 = Release|Any CPU
		{5CADBC49-1681-46F1-99BD-9864A620E779}.Debug|Any CPU.ActiveCfg = Debug|Any CPU
		{5CADBC49-1681-46F1-99BD-9864A620E779}.Debug|Any CPU.Build.0 = Debug|Any CPU
		{5CADBC49-1681-46F1-99BD-9864A620E779}.Release|Any CPU.ActiveCfg = Release|Any CPU
		{5CADBC49-1681-46F1-99BD-9864A620E779}.Release|Any CPU.Build.0 = Release|Any CPU
		{D7470E6D-731A-476C-98B0-AC7322DB5AA2}.Debug|Any CPU.ActiveCfg = Debug|Any CPU
		{D7470E6D-731A-476C-98B0-AC7322DB5AA2}.Debug|Any CPU.Build.0 = Debug|Any CPU
		{D7470E6D-731A-476C-98B0-AC7322DB5AA2}.Release|Any CPU.ActiveCfg = Release|Any CPU
		{D7470E6D-731A-476C-98B0-AC7322DB5AA2}.Release|Any CPU.Build.0 = Release|Any CPU
		{1D3A51B4-D62B-44FB-AFAB-0327E1CA6380}.Debug|Any CPU.ActiveCfg = Debug|Any CPU
		{1D3A51B4-D62B-44FB-AFAB-0327E1CA6380}.Debug|Any CPU.Build.0 = Debug|Any CPU
		{1D3A51B4-D62B-44FB-AFAB-0327E1CA6380}.Release|Any CPU.ActiveCfg = Release|Any CPU
		{1D3A51B4-D62B-44FB-AFAB-0327E1CA6380}.Release|Any CPU.Build.0 = Release|Any CPU
		{DCC72A4D-E864-4C88-B7B3-99F0DAE54D9C}.Debug|Any CPU.ActiveCfg = Debug|Any CPU
		{DCC72A4D-E864-4C88-B7B3-99F0DAE54D9C}.Debug|Any CPU.Build.0 = Debug|Any CPU
		{DCC72A4D-E864-4C88-B7B3-99F0DAE54D9C}.Release|Any CPU.ActiveCfg = Release|Any CPU
		{DCC72A4D-E864-4C88-B7B3-99F0DAE54D9C}.Release|Any CPU.Build.0 = Release|Any CPU
		{8912E868-AABF-445B-973D-76D138889957}.Debug|Any CPU.ActiveCfg = Debug|Any CPU
		{8912E868-AABF-445B-973D-76D138889957}.Debug|Any CPU.Build.0 = Debug|Any CPU
		{8912E868-AABF-445B-973D-76D138889957}.Release|Any CPU.ActiveCfg = Release|Any CPU
		{8912E868-AABF-445B-973D-76D138889957}.Release|Any CPU.Build.0 = Release|Any CPU
		{6200EED9-0F8C-42A7-A71F-E675D0547788}.Debug|Any CPU.ActiveCfg = Debug|Any CPU
		{6200EED9-0F8C-42A7-A71F-E675D0547788}.Debug|Any CPU.Build.0 = Debug|Any CPU
		{6200EED9-0F8C-42A7-A71F-E675D0547788}.Release|Any CPU.ActiveCfg = Release|Any CPU
		{6200EED9-0F8C-42A7-A71F-E675D0547788}.Release|Any CPU.Build.0 = Release|Any CPU
		{26EBA124-5B3C-490D-A35A-0DF958E5F714}.Debug|Any CPU.ActiveCfg = Debug|Any CPU
		{26EBA124-5B3C-490D-A35A-0DF958E5F714}.Debug|Any CPU.Build.0 = Debug|Any CPU
		{26EBA124-5B3C-490D-A35A-0DF958E5F714}.Release|Any CPU.ActiveCfg = Release|Any CPU
		{26EBA124-5B3C-490D-A35A-0DF958E5F714}.Release|Any CPU.Build.0 = Release|Any CPU
		{D248AD6C-8C05-4E7F-9A45-0DB2B58E5403}.Debug|Any CPU.ActiveCfg = Debug|Any CPU
		{D248AD6C-8C05-4E7F-9A45-0DB2B58E5403}.Debug|Any CPU.Build.0 = Debug|Any CPU
		{D248AD6C-8C05-4E7F-9A45-0DB2B58E5403}.Release|Any CPU.ActiveCfg = Release|Any CPU
		{D248AD6C-8C05-4E7F-9A45-0DB2B58E5403}.Release|Any CPU.Build.0 = Release|Any CPU
		{3A1A0FBF-71B6-407F-80B9-3D7CFA118E56}.Debug|Any CPU.ActiveCfg = Debug|Any CPU
		{3A1A0FBF-71B6-407F-80B9-3D7CFA118E56}.Debug|Any CPU.Build.0 = Debug|Any CPU
		{3A1A0FBF-71B6-407F-80B9-3D7CFA118E56}.Release|Any CPU.ActiveCfg = Release|Any CPU
		{3A1A0FBF-71B6-407F-80B9-3D7CFA118E56}.Release|Any CPU.Build.0 = Release|Any CPU
		{54D34636-8ED3-4F4D-B484-2BBF2B975025}.Debug|Any CPU.ActiveCfg = Debug|Any CPU
		{54D34636-8ED3-4F4D-B484-2BBF2B975025}.Debug|Any CPU.Build.0 = Debug|Any CPU
		{54D34636-8ED3-4F4D-B484-2BBF2B975025}.Release|Any CPU.ActiveCfg = Release|Any CPU
		{54D34636-8ED3-4F4D-B484-2BBF2B975025}.Release|Any CPU.Build.0 = Release|Any CPU
		{50E9434B-0D4E-4934-812F-0169842CCD86}.Debug|Any CPU.ActiveCfg = Debug|Any CPU
		{50E9434B-0D4E-4934-812F-0169842CCD86}.Debug|Any CPU.Build.0 = Debug|Any CPU
		{50E9434B-0D4E-4934-812F-0169842CCD86}.Release|Any CPU.ActiveCfg = Release|Any CPU
		{50E9434B-0D4E-4934-812F-0169842CCD86}.Release|Any CPU.Build.0 = Release|Any CPU
	EndGlobalSection
EndGlobal
