
Microsoft Visual Studio Solution File, Format Version 12.00
Project("{F2A71F9B-5D33-465A-A702-920D77279786}") = "Day01", "Day01\Day01.fsproj", "{52C5A44D-FEC5-46C7-A26F-6575BBDC4FAE}"
EndProject
Project("{F2A71F9B-5D33-465A-A702-920D77279786}") = "Day02", "Day02\Day02.fsproj", "{E08EF5E2-BBF7-4DE9-884B-D388C91B938F}"
EndProject
Project("{F2A71F9B-5D33-465A-A702-920D77279786}") = "Day03", "Day03\Day03.fsproj", "{EB7A8094-F40A-4F7C-9E15-EF688678F0FC}"
EndProject
Project("{F2A71F9B-5D33-465A-A702-920D77279786}") = "Day04", "Day04\Day04.fsproj", "{63672E53-8842-4E1D-A867-CD07F82A89A7}"
EndProject
Project("{F2A71F9B-5D33-465A-A702-920D77279786}") = "Day05", "Day05\Day05.fsproj", "{5CADBC49-1681-46F1-99BD-9864A620E779}"
EndProject
Global
	GlobalSection(SolutionConfigurationPlatforms) = preSolution
		Debug|Any CPU = Debug|Any CPU
		Release|Any CPU = Release|Any CPU
	EndGlobalSection
	GlobalSection(ProjectConfigurationPlatforms) = postSolution
		{52C5A44D-FEC5-46C7-A26F-6575BBDC4FAE}.Debug|Any CPU.ActiveCfg = Debug|Any CPU
		{52C5A44D-FEC5-46C7-A26F-6575BBDC4FAE}.Debug|Any CPU.Build.0 = Debug|Any CPU
		{52C5A44D-FEC5-46C7-A26F-6575BBDC4FAE}.Release|Any CPU.ActiveCfg = Release|Any CPU
		{52C5A44D-FEC5-46C7-A26F-6575BBDC4FAE}.Release|Any CPU.Build.0 = Release|Any CPU
		{E08EF5E2-BBF7-4DE9-884B-D388C91B938F}.Debug|Any CPU.ActiveCfg = Debug|Any CPU
		{E08EF5E2-BBF7-4DE9-884B-D388C91B938F}.Debug|Any CPU.Build.0 = Debug|Any CPU
		{E08EF5E2-BBF7-4DE9-884B-D388C91B938F}.Release|Any CPU.ActiveCfg = Release|Any CPU
		{E08EF5E2-BBF7-4DE9-884B-D388C91B938F}.Release|Any CPU.Build.0 = Release|Any CPU
		{EB7A8094-F40A-4F7C-9E15-EF688678F0FC}.Debug|Any CPU.ActiveCfg = Debug|Any CPU
		{EB7A8094-F40A-4F7C-9E15-EF688678F0FC}.Debug|Any CPU.Build.0 = Debug|Any CPU
		{EB7A8094-F40A-4F7C-9E15-EF688678F0FC}.Release|Any CPU.ActiveCfg = Release|Any CPU
		{EB7A8094-F40A-4F7C-9E15-EF688678F0FC}.Release|Any CPU.Build.0 = Release|Any CPU
		{63672E53-8842-4E1D-A867-CD07F82A89A7}.Debug|Any CPU.ActiveCfg = Debug|Any CPU
		{63672E53-8842-4E1D-A867-CD07F82A89A7}.Debug|Any CPU.Build.0 = Debug|Any CPU
		{63672E53-8842-4E1D-A867-CD07F82A89A7}.Release|Any CPU.ActiveCfg = Release|Any CPU
		{63672E53-8842-4E1D-A867-CD07F82A89A7}.Release|Any CPU.Build.0 = Release|Any CPU
		{5CADBC49-1681-46F1-99BD-9864A620E779}.Debug|Any CPU.ActiveCfg = Debug|Any CPU
		{5CADBC49-1681-46F1-99BD-9864A620E779}.Debug|Any CPU.Build.0 = Debug|Any CPU
		{5CADBC49-1681-46F1-99BD-9864A620E779}.Release|Any CPU.ActiveCfg = Release|Any CPU
		{5CADBC49-1681-46F1-99BD-9864A620E779}.Release|Any CPU.Build.0 = Release|Any CPU
	EndGlobalSection
EndGlobal
